
Microsoft Visual Studio Solution File, Format Version 12.00
# Visual Studio Version 16
VisualStudioVersion = 16.0.30621.155
MinimumVisualStudioVersion = 10.0.40219.1
Project("{FAE04EC0-301F-11D3-BF4B-00C04F79EFBC}") = "StoyanStoyanov.TakeNotesApp", "StoyanStoyanov.TakeNotesApp\StoyanStoyanov.TakeNotesApp.csproj", "{64E2ABA7-1881-4F0E-96AC-D36F1D267482}"
EndProject
Global
	GlobalSection(SolutionConfigurationPlatforms) = preSolution
		Debug|Any CPU = Debug|Any CPU
		Release|Any CPU = Release|Any CPU
	EndGlobalSection
	GlobalSection(ProjectConfigurationPlatforms) = postSolution
		{64E2ABA7-1881-4F0E-96AC-D36F1D267482}.Debug|Any CPU.ActiveCfg = Debug|Any CPU
		{64E2ABA7-1881-4F0E-96AC-D36F1D267482}.Debug|Any CPU.Build.0 = Debug|Any CPU
		{64E2ABA7-1881-4F0E-96AC-D36F1D267482}.Release|Any CPU.ActiveCfg = Release|Any CPU
		{64E2ABA7-1881-4F0E-96AC-D36F1D267482}.Release|Any CPU.Build.0 = Release|Any CPU
	EndGlobalSection
	GlobalSection(SolutionProperties) = preSolution
		HideSolutionNode = FALSE
	EndGlobalSection
	GlobalSection(ExtensibilityGlobals) = postSolution
		SolutionGuid = {FCD6B18B-0D8A-4AE6-8B3C-AB565612F4A0}
	EndGlobalSection
EndGlobal
